github.com/google/uuid v1.6.0 h1:NIvaJDMOsjHA8n1jAhLSgzrAzy1Hgr+hNrb57e+94F0=
github.com/google/uuid v1.6.0/go.mod h1:TIyPZe4MgqvfeYDBFedMoGGpEw/LqOeaOT+nhxU+yHo=
github.com/mattn/go-sqlite3 v1.14.28 h1:ThEiQrnbtumT+QMknw63Befp/ce/nUPgBPMlRFEum7A=
github.com/mattn/go-sqlite3 v1.14.28/go.mod h1:Uh1q+B4BYcTPb+yiD3kU8Ct7aC0hY9fxUwlHK0RXw+Y=
github.com/rabbit-backend/template v0.0.0-20250427145956-84ce9b949bef h1:z2LlK09XcP5R5qT47CjXAbsXoVC9PhRsXIKkVd9WQSI=
github.com/rabbit-backend/template v0.0.0-20250427145956-84ce9b949bef/go.mod h1:kpyn6ToHRMKtZF0blVIT1lO59gIDn4Wh5E/EfYKEGck=
